NeoBundleLock neobundle.vim c6fa48cd665071b7a4dbf5ab53f48cd5884716ee
NeoBundleLock neocomplcache-rsense.vim 9b34d0016085ee0c254579bca151c3f0b632d37f
NeoBundleLock neocomplete.vim 9617d825c0d4acdb18aec903e9c1c0443058d18b
NeoBundleLock rsense 2952a54972cf927d5419085d1867b65ff7ab0d41
NeoBundleLock syntastic d7338f8a635514270b441e381164ec477a2e0cfd
NeoBundleLock vim-endwise 0ed0e734cd58873f842ff581d5c746463788bd4a
NeoBundleLock vim-ref b45d10f6d0c82e3afd17774626e952fde03274a1
NeoBundleLock vim-ref-ri be7057de4a039969738108234463fc2ad6dae1a0
NeoBundleLock vim-tags e75dea76e488d9208ed73c53c46a4abee2695115
